<?xml version="1.0" encoding="utf-8"?>
<Project ToolsVersion="4.0" xmlns="http://schemas.microsoft.com/developer/msbuild/2003">
  <ItemGroup>
    <Filter Include="translators">
      <UniqueIdentifier>{6d41f336-30ad-46d4-8b69-6d96b36d9275}</UniqueIdentifier>
    </Filter>
    <Filter Include="shared">
      <UniqueIdentifier>{997352ad-f1da-4253-89f5-9357866f83fd}</UniqueIdentifier>
    </Filter>
  </ItemGroup>
  <ItemGroup>
    <ClInclude Include="translators\gtasa10eu_translator.h">
      <Filter>translators</Filter>
    </ClInclude>
    <ClInclude Include="translators\gtavc11en_translator.h">
      <Filter>translators</Filter>
    </ClInclude>
    <ClInclude Include="translator.h" />
  </ItemGroup>
  <ItemGroup>
    <ClCompile Include="translator.cpp" />
    <ClCompile Include="main.cpp" />
    <ClCompile Include="..\plugin-sdk-source-gen\CSV.cpp">
      <Filter>shared</Filter>
    </ClCompile>
    <ClCompile Include="..\plugin-sdk-source-gen\StringEx.cpp">
      <Filter>shared</Filter>
    </ClCompile>
  </ItemGroup>
</Project>